
Microsoft Visual Studio Solution File, Format Version 12.00
# Visual Studio Version 16
VisualStudioVersion = 16.0.31313.79
MinimumVisualStudioVersion = 10.0.40219.1
Project("{FAE04EC0-301F-11D3-BF4B-00C04F79EFBC}") = "MatchGame", "MatchGame\MatchGame.csproj", "{6261ACC2-AD8A-4BBA-BB48-3282B0C5989D}"
EndProject
Global
	GlobalSection(SolutionConfigurationPlatforms) = preSolution
		Debug|Any CPU = Debug|Any CPU
		Release|Any CPU = Release|Any CPU
	EndGlobalSection
	GlobalSection(ProjectConfigurationPlatforms) = postSolution
		{6261ACC2-AD8A-4BBA-BB48-3282B0C5989D}.Debug|Any CPU.ActiveCfg = Debug|Any CPU
		{6261ACC2-AD8A-4BBA-BB48-3282B0C5989D}.Debug|Any CPU.Build.0 = Debug|Any CPU
		{6261ACC2-AD8A-4BBA-BB48-3282B0C5989D}.Release|Any CPU.ActiveCfg = Release|Any CPU
		{6261ACC2-AD8A-4BBA-BB48-3282B0C5989D}.Release|Any CPU.Build.0 = Release|Any CPU
	EndGlobalSection
	GlobalSection(SolutionProperties) = preSolution
		HideSolutionNode = FALSE
	EndGlobalSection
	GlobalSection(ExtensibilityGlobals) = postSolution
		SolutionGuid = {6A8FE823-94AB-4771-A43A-218A4C74CC0B}
	EndGlobalSection
EndGlobal
