
Microsoft Visual Studio Solution File, Format Version 12.00
# Visual Studio Version 16
VisualStudioVersion = 16.0.31402.337
MinimumVisualStudioVersion = 10.0.40219.1
Project("{FAE04EC0-301F-11D3-BF4B-00C04F79EFBC}") = "practice_BirdEggsInheritancePractice", "practice_BirdEggsInheritancePractice\practice_BirdEggsInheritancePractice.csproj", "{08348639-1F3C-421C-8EE8-B48F4CEF78F9}"
EndProject
Global
	GlobalSection(SolutionConfigurationPlatforms) = preSolution
		Debug|Any CPU = Debug|Any CPU
		Release|Any CPU = Release|Any CPU
	EndGlobalSection
	GlobalSection(ProjectConfigurationPlatforms) = postSolution
		{08348639-1F3C-421C-8EE8-B48F4CEF78F9}.Debug|Any CPU.ActiveCfg = Debug|Any CPU
		{08348639-1F3C-421C-8EE8-B48F4CEF78F9}.Debug|Any CPU.Build.0 = Debug|Any CPU
		{08348639-1F3C-421C-8EE8-B48F4CEF78F9}.Release|Any CPU.ActiveCfg = Release|Any CPU
		{08348639-1F3C-421C-8EE8-B48F4CEF78F9}.Release|Any CPU.Build.0 = Release|Any CPU
	EndGlobalSection
	GlobalSection(SolutionProperties) = preSolution
		HideSolutionNode = FALSE
	EndGlobalSection
	GlobalSection(ExtensibilityGlobals) = postSolution
		SolutionGuid = {B4B22E50-1376-48BA-9FE4-FC4C2A1257AC}
	EndGlobalSection
EndGlobal
