
Microsoft Visual Studio Solution File, Format Version 12.00
# Visual Studio Version 16
VisualStudioVersion = 16.0.31402.337
MinimumVisualStudioVersion = 10.0.40219.1
Project("{9A19103F-16F7-4668-BE54-9A1E7A4F7556}") = "practice_TradingCash", "practice_TradiningCash\practice_TradingCash.csproj", "{E4EF43D5-73EC-43BC-A89D-9EA6FD684421}"
EndProject
Global
	GlobalSection(SolutionConfigurationPlatforms) = preSolution
		Debug|Any CPU = Debug|Any CPU
		Release|Any CPU = Release|Any CPU
	EndGlobalSection
	GlobalSection(ProjectConfigurationPlatforms) = postSolution
		{E4EF43D5-73EC-43BC-A89D-9EA6FD684421}.Debug|Any CPU.ActiveCfg = Debug|Any CPU
		{E4EF43D5-73EC-43BC-A89D-9EA6FD684421}.Debug|Any CPU.Build.0 = Debug|Any CPU
		{E4EF43D5-73EC-43BC-A89D-9EA6FD684421}.Release|Any CPU.ActiveCfg = Release|Any CPU
		{E4EF43D5-73EC-43BC-A89D-9EA6FD684421}.Release|Any CPU.Build.0 = Release|Any CPU
	EndGlobalSection
	GlobalSection(SolutionProperties) = preSolution
		HideSolutionNode = FALSE
	EndGlobalSection
	GlobalSection(ExtensibilityGlobals) = postSolution
		SolutionGuid = {0F1A6FC5-E899-42B7-9985-9D71B103D6FB}
	EndGlobalSection
EndGlobal
