
Microsoft Visual Studio Solution File, Format Version 12.00
# Visual Studio Version 16
VisualStudioVersion = 16.0.31402.337
MinimumVisualStudioVersion = 10.0.40219.1
Project("{FAE04EC0-301F-11D3-BF4B-00C04F79EFBC}") = "practiceLearningRandom", "practiceLearningRandom\practiceLearningRandom.csproj", "{AB5E6FE5-60C5-4EDC-9D26-124D7FA03BDF}"
EndProject
Global
	GlobalSection(SolutionConfigurationPlatforms) = preSolution
		Debug|Any CPU = Debug|Any CPU
		Release|Any CPU = Release|Any CPU
	EndGlobalSection
	GlobalSection(ProjectConfigurationPlatforms) = postSolution
		{AB5E6FE5-60C5-4EDC-9D26-124D7FA03BDF}.Debug|Any CPU.ActiveCfg = Debug|Any CPU
		{AB5E6FE5-60C5-4EDC-9D26-124D7FA03BDF}.Debug|Any CPU.Build.0 = Debug|Any CPU
		{AB5E6FE5-60C5-4EDC-9D26-124D7FA03BDF}.Release|Any CPU.ActiveCfg = Release|Any CPU
		{AB5E6FE5-60C5-4EDC-9D26-124D7FA03BDF}.Release|Any CPU.Build.0 = Release|Any CPU
	EndGlobalSection
	GlobalSection(SolutionProperties) = preSolution
		HideSolutionNode = FALSE
	EndGlobalSection
	GlobalSection(ExtensibilityGlobals) = postSolution
		SolutionGuid = {7DB94C0B-24B5-42ED-8710-3560E646E5AD}
	EndGlobalSection
EndGlobal
