
Microsoft Visual Studio Solution File, Format Version 12.00
# Visual Studio Version 16
VisualStudioVersion = 16.0.31402.337
MinimumVisualStudioVersion = 10.0.40219.1
Project("{FAE04EC0-301F-11D3-BF4B-00C04F79EFBC}") = "practice_InterfacesTallGuy", "practice_InterfacesTallGuy\practice_InterfacesTallGuy.csproj", "{4430462B-3F14-4321-9A61-6B5B01257CDF}"
EndProject
Global
	GlobalSection(SolutionConfigurationPlatforms) = preSolution
		Debug|Any CPU = Debug|Any CPU
		Release|Any CPU = Release|Any CPU
	EndGlobalSection
	GlobalSection(ProjectConfigurationPlatforms) = postSolution
		{4430462B-3F14-4321-9A61-6B5B01257CDF}.Debug|Any CPU.ActiveCfg = Debug|Any CPU
		{4430462B-3F14-4321-9A61-6B5B01257CDF}.Debug|Any CPU.Build.0 = Debug|Any CPU
		{4430462B-3F14-4321-9A61-6B5B01257CDF}.Release|Any CPU.ActiveCfg = Release|Any CPU
		{4430462B-3F14-4321-9A61-6B5B01257CDF}.Release|Any CPU.Build.0 = Release|Any CPU
	EndGlobalSection
	GlobalSection(SolutionProperties) = preSolution
		HideSolutionNode = FALSE
	EndGlobalSection
	GlobalSection(ExtensibilityGlobals) = postSolution
		SolutionGuid = {5A0DEE7D-9BC9-42A7-BD76-3E6287C90059}
	EndGlobalSection
EndGlobal
